
Microsoft Visual Studio Solution File, Format Version 12.00
# Visual Studio Version 16
VisualStudioVersion = 16.0.31205.134
MinimumVisualStudioVersion = 10.0.40219.1
Project("{9A19103F-16F7-4668-BE54-9A1E7A4F7556}") = "WPF_OV_OnlineVote", "WPF_OV_OnlineVote\WPF_OV_OnlineVote.csproj", "{12BF5014-EDFA-4CDF-86E9-9B20673635F5}"
EndProject
Project("{9A19103F-16F7-4668-BE54-9A1E7A4F7556}") = "OV.MainDb", "OV.MainDb\OV.MainDb.csproj", "{D81445ED-2F37-4F9E-8F3D-13086E95EA3E}"
EndProject
Project("{9A19103F-16F7-4668-BE54-9A1E7A4F7556}") = "OV.MVX", "OV.MVX\OV.MVX.csproj", "{7977EECB-13C5-42A7-BA34-126536BD48E5}"
EndProject
Project("{9A19103F-16F7-4668-BE54-9A1E7A4F7556}") = "OV.Models", "OV.Models\OV.Models.csproj", "{C7C8438F-1228-4A8E-A4E5-CE484B890CD9}"
EndProject
Project("{9A19103F-16F7-4668-BE54-9A1E7A4F7556}") = "OV.Services", "OV.Services\OV.Services.csproj", "{BEA5618F-18AC-4250-84B9-6A266EBC2D25}"
EndProject
Project("{FAE04EC0-301F-11D3-BF4B-00C04F79EFBC}") = "OV.NotifyService", "OV.NotifyService\OV.NotifyService.csproj", "{DD574BF8-5AD6-4152-9CE9-727DA5C0B099}"
EndProject
Project("{FAE04EC0-301F-11D3-BF4B-00C04F79EFBC}") = "OV.DbRemoteConfigurationService", "OV.DbRemoteConfigurationService\OV.DbRemoteConfigurationService.csproj", "{5689A61A-C02F-4E28-A562-68C68EDC5DBB}"
EndProject
Global
	GlobalSection(SolutionConfigurationPlatforms) = preSolution
		Debug|Any CPU = Debug|Any CPU
		Release|Any CPU = Release|Any CPU
	EndGlobalSection
	GlobalSection(ProjectConfigurationPlatforms) = postSolution
		{12BF5014-EDFA-4CDF-86E9-9B20673635F5}.Debug|Any CPU.ActiveCfg = Debug|Any CPU
		{12BF5014-EDFA-4CDF-86E9-9B20673635F5}.Debug|Any CPU.Build.0 = Debug|Any CPU
		{12BF5014-EDFA-4CDF-86E9-9B20673635F5}.Release|Any CPU.ActiveCfg = Release|Any CPU
		{12BF5014-EDFA-4CDF-86E9-9B20673635F5}.Release|Any CPU.Build.0 = Release|Any CPU
		{D81445ED-2F37-4F9E-8F3D-13086E95EA3E}.Debug|Any CPU.ActiveCfg = Debug|Any CPU
		{D81445ED-2F37-4F9E-8F3D-13086E95EA3E}.Debug|Any CPU.Build.0 = Debug|Any CPU
		{D81445ED-2F37-4F9E-8F3D-13086E95EA3E}.Release|Any CPU.ActiveCfg = Release|Any CPU
		{D81445ED-2F37-4F9E-8F3D-13086E95EA3E}.Release|Any CPU.Build.0 = Release|Any CPU
		{7977EECB-13C5-42A7-BA34-126536BD48E5}.Debug|Any CPU.ActiveCfg = Debug|Any CPU
		{7977EECB-13C5-42A7-BA34-126536BD48E5}.Debug|Any CPU.Build.0 = Debug|Any CPU
		{7977EECB-13C5-42A7-BA34-126536BD48E5}.Release|Any CPU.ActiveCfg = Release|Any CPU
		{7977EECB-13C5-42A7-BA34-126536BD48E5}.Release|Any CPU.Build.0 = Release|Any CPU
		{C7C8438F-1228-4A8E-A4E5-CE484B890CD9}.Debug|Any CPU.ActiveCfg = Debug|Any CPU
		{C7C8438F-1228-4A8E-A4E5-CE484B890CD9}.Debug|Any CPU.Build.0 = Debug|Any CPU
		{C7C8438F-1228-4A8E-A4E5-CE484B890CD9}.Release|Any CPU.ActiveCfg = Release|Any CPU
		{C7C8438F-1228-4A8E-A4E5-CE484B890CD9}.Release|Any CPU.Build.0 = Release|Any CPU
		{BEA5618F-18AC-4250-84B9-6A266EBC2D25}.Debug|Any CPU.ActiveCfg = Debug|Any CPU
		{BEA5618F-18AC-4250-84B9-6A266EBC2D25}.Debug|Any CPU.Build.0 = Debug|Any CPU
		{BEA5618F-18AC-4250-84B9-6A266EBC2D25}.Release|Any CPU.ActiveCfg = Release|Any CPU
		{BEA5618F-18AC-4250-84B9-6A266EBC2D25}.Release|Any CPU.Build.0 = Release|Any CPU
		{DD574BF8-5AD6-4152-9CE9-727DA5C0B099}.Debug|Any CPU.ActiveCfg = Debug|Any CPU
		{DD574BF8-5AD6-4152-9CE9-727DA5C0B099}.Debug|Any CPU.Build.0 = Debug|Any CPU
		{DD574BF8-5AD6-4152-9CE9-727DA5C0B099}.Release|Any CPU.ActiveCfg = Release|Any CPU
		{DD574BF8-5AD6-4152-9CE9-727DA5C0B099}.Release|Any CPU.Build.0 = Release|Any CPU
		{5689A61A-C02F-4E28-A562-68C68EDC5DBB}.Debug|Any CPU.ActiveCfg = Debug|Any CPU
		{5689A61A-C02F-4E28-A562-68C68EDC5DBB}.Debug|Any CPU.Build.0 = Debug|Any CPU
		{5689A61A-C02F-4E28-A562-68C68EDC5DBB}.Release|Any CPU.ActiveCfg = Release|Any CPU
		{5689A61A-C02F-4E28-A562-68C68EDC5DBB}.Release|Any CPU.Build.0 = Release|Any CPU
	EndGlobalSection
	GlobalSection(SolutionProperties) = preSolution
		HideSolutionNode = FALSE
	EndGlobalSection
	GlobalSection(ExtensibilityGlobals) = postSolution
		SolutionGuid = {E3226A0D-02E6-43BE-B80B-E673C1490FF8}
	EndGlobalSection
EndGlobal
